
Microsoft Visual Studio Solution File, Format Version 12.00
Project("{F2A71F9B-5D33-465A-A702-920D77279786}") = "Rosalind-Problems", "Rosalind-Problems\Rosalind-Problems.fsproj", "{4151A4AF-959C-4C00-8315-E9E4CABA39E0}"
EndProject
Project("{F2A71F9B-5D33-465A-A702-920D77279786}") = "RosalindLib", "RosalindLib\RosalindLib.fsproj", "{28162C98-A711-4C6C-A3BE-F82CAC559980}"
EndProject
Project("{F2A71F9B-5D33-465A-A702-920D77279786}") = "ProteinMotifFinder", "ProteinMotifFinder\ProteinMotifFinder.fsproj", "{988D475D-7BB3-4EFA-A32C-34B8BAE60FDC}"
EndProject
Project("{F2A71F9B-5D33-465A-A702-920D77279786}") = "InferMRna", "InferMRna\InferMRna.fsproj", "{812C2E43-3D3F-4489-B3FE-5BB00BE8F56E}"
EndProject
Project("{F2A71F9B-5D33-465A-A702-920D77279786}") = "OpenReadFrames", "OpenReadFrames\OpenReadFrames.fsproj", "{D7F2C93E-6A48-46B4-8F2C-D53C412B9E55}"
EndProject
Project("{F2A71F9B-5D33-465A-A702-920D77279786}") = "EnumerateGeneOrder", "EnumerateGeneOrder\EnumerateGeneOrder.fsproj", "{5FE09B47-9D51-4E8D-B565-120F4C4E32E5}"
EndProject
Project("{F2A71F9B-5D33-465A-A702-920D77279786}") = "Permutations", "Permutations\Permutations.fsproj", "{8E0893C7-8C34-4CB3-B0E2-8B2AAADC3A9C}"
EndProject
Project("{F2A71F9B-5D33-465A-A702-920D77279786}") = "ProteinMass", "ProteinMass\ProteinMass.fsproj", "{5B16EA60-49D7-4B6D-A7D2-412FC682F4CD}"
EndProject
Project("{F2A71F9B-5D33-465A-A702-920D77279786}") = "LocateRestrictionSite", "LocateRestrictionSite\LocateRestrictionSite.fsproj", "{EFE1F12D-C5D9-4CB4-8428-7D256F119C83}"
EndProject
Project("{F2A71F9B-5D33-465A-A702-920D77279786}") = "UnitTestHelperLib", "UnitTestHelperLib\UnitTestHelperLib.fsproj", "{733529F5-7755-42D7-AC26-CCF23CDEF412}"
EndProject
Global
	GlobalSection(SolutionConfigurationPlatforms) = preSolution
		Debug|Any CPU = Debug|Any CPU
		Release|Any CPU = Release|Any CPU
	EndGlobalSection
	GlobalSection(ProjectConfigurationPlatforms) = postSolution
		{4151A4AF-959C-4C00-8315-E9E4CABA39E0}.Debug|Any CPU.ActiveCfg = Debug|Any CPU
		{4151A4AF-959C-4C00-8315-E9E4CABA39E0}.Debug|Any CPU.Build.0 = Debug|Any CPU
		{4151A4AF-959C-4C00-8315-E9E4CABA39E0}.Release|Any CPU.ActiveCfg = Release|Any CPU
		{4151A4AF-959C-4C00-8315-E9E4CABA39E0}.Release|Any CPU.Build.0 = Release|Any CPU
		{28162C98-A711-4C6C-A3BE-F82CAC559980}.Debug|Any CPU.ActiveCfg = Debug|Any CPU
		{28162C98-A711-4C6C-A3BE-F82CAC559980}.Debug|Any CPU.Build.0 = Debug|Any CPU
		{28162C98-A711-4C6C-A3BE-F82CAC559980}.Release|Any CPU.ActiveCfg = Release|Any CPU
		{28162C98-A711-4C6C-A3BE-F82CAC559980}.Release|Any CPU.Build.0 = Release|Any CPU
		{988D475D-7BB3-4EFA-A32C-34B8BAE60FDC}.Debug|Any CPU.ActiveCfg = Debug|Any CPU
		{988D475D-7BB3-4EFA-A32C-34B8BAE60FDC}.Debug|Any CPU.Build.0 = Debug|Any CPU
		{988D475D-7BB3-4EFA-A32C-34B8BAE60FDC}.Release|Any CPU.ActiveCfg = Release|Any CPU
		{988D475D-7BB3-4EFA-A32C-34B8BAE60FDC}.Release|Any CPU.Build.0 = Release|Any CPU
		{812C2E43-3D3F-4489-B3FE-5BB00BE8F56E}.Debug|Any CPU.ActiveCfg = Debug|Any CPU
		{812C2E43-3D3F-4489-B3FE-5BB00BE8F56E}.Debug|Any CPU.Build.0 = Debug|Any CPU
		{812C2E43-3D3F-4489-B3FE-5BB00BE8F56E}.Release|Any CPU.ActiveCfg = Release|Any CPU
		{812C2E43-3D3F-4489-B3FE-5BB00BE8F56E}.Release|Any CPU.Build.0 = Release|Any CPU
		{D7F2C93E-6A48-46B4-8F2C-D53C412B9E55}.Debug|Any CPU.ActiveCfg = Debug|Any CPU
		{D7F2C93E-6A48-46B4-8F2C-D53C412B9E55}.Debug|Any CPU.Build.0 = Debug|Any CPU
		{D7F2C93E-6A48-46B4-8F2C-D53C412B9E55}.Release|Any CPU.ActiveCfg = Release|Any CPU
		{D7F2C93E-6A48-46B4-8F2C-D53C412B9E55}.Release|Any CPU.Build.0 = Release|Any CPU
		{5FE09B47-9D51-4E8D-B565-120F4C4E32E5}.Debug|Any CPU.ActiveCfg = Debug|Any CPU
		{5FE09B47-9D51-4E8D-B565-120F4C4E32E5}.Debug|Any CPU.Build.0 = Debug|Any CPU
		{5FE09B47-9D51-4E8D-B565-120F4C4E32E5}.Release|Any CPU.ActiveCfg = Release|Any CPU
		{5FE09B47-9D51-4E8D-B565-120F4C4E32E5}.Release|Any CPU.Build.0 = Release|Any CPU
		{8E0893C7-8C34-4CB3-B0E2-8B2AAADC3A9C}.Debug|Any CPU.ActiveCfg = Debug|Any CPU
		{8E0893C7-8C34-4CB3-B0E2-8B2AAADC3A9C}.Debug|Any CPU.Build.0 = Debug|Any CPU
		{8E0893C7-8C34-4CB3-B0E2-8B2AAADC3A9C}.Release|Any CPU.ActiveCfg = Release|Any CPU
		{8E0893C7-8C34-4CB3-B0E2-8B2AAADC3A9C}.Release|Any CPU.Build.0 = Release|Any CPU
		{5B16EA60-49D7-4B6D-A7D2-412FC682F4CD}.Debug|Any CPU.ActiveCfg = Debug|Any CPU
		{5B16EA60-49D7-4B6D-A7D2-412FC682F4CD}.Debug|Any CPU.Build.0 = Debug|Any CPU
		{5B16EA60-49D7-4B6D-A7D2-412FC682F4CD}.Release|Any CPU.ActiveCfg = Release|Any CPU
		{5B16EA60-49D7-4B6D-A7D2-412FC682F4CD}.Release|Any CPU.Build.0 = Release|Any CPU
		{EFE1F12D-C5D9-4CB4-8428-7D256F119C83}.Debug|Any CPU.ActiveCfg = Debug|Any CPU
		{EFE1F12D-C5D9-4CB4-8428-7D256F119C83}.Debug|Any CPU.Build.0 = Debug|Any CPU
		{EFE1F12D-C5D9-4CB4-8428-7D256F119C83}.Release|Any CPU.ActiveCfg = Release|Any CPU
		{EFE1F12D-C5D9-4CB4-8428-7D256F119C83}.Release|Any CPU.Build.0 = Release|Any CPU
		{733529F5-7755-42D7-AC26-CCF23CDEF412}.Debug|Any CPU.ActiveCfg = Debug|Any CPU
		{733529F5-7755-42D7-AC26-CCF23CDEF412}.Debug|Any CPU.Build.0 = Debug|Any CPU
		{733529F5-7755-42D7-AC26-CCF23CDEF412}.Release|Any CPU.ActiveCfg = Release|Any CPU
		{733529F5-7755-42D7-AC26-CCF23CDEF412}.Release|Any CPU.Build.0 = Release|Any CPU
	EndGlobalSection
EndGlobal
